
Microsoft Visual Studio Solution File, Format Version 12.00
Project("{FAE04EC0-301F-11D3-BF4B-00C04F79EFBC}") = "CICDLearning", "CICDLearning.csproj", "{CBD62B3C-5275-4EA2-9FBE-A7DAC9DA9C8E}"
EndProject
Global
	GlobalSection(SolutionConfigurationPlatforms) = preSolution
		Debug|Any CPU = Debug|Any CPU
		Release|Any CPU = Release|Any CPU
	EndGlobalSection
	GlobalSection(ProjectConfigurationPlatforms) = postSolution
		{CBD62B3C-5275-4EA2-9FBE-A7DAC9DA9C8E}.Debug|Any CPU.ActiveCfg = Debug|Any CPU
		{CBD62B3C-5275-4EA2-9FBE-A7DAC9DA9C8E}.Debug|Any CPU.Build.0 = Debug|Any CPU
		{CBD62B3C-5275-4EA2-9FBE-A7DAC9DA9C8E}.Release|Any CPU.ActiveCfg = Release|Any CPU
		{CBD62B3C-5275-4EA2-9FBE-A7DAC9DA9C8E}.Release|Any CPU.Build.0 = Release|Any CPU
	EndGlobalSection
EndGlobal
